{
  "name": "smart_iot",
  "version": "1.0.0",
  "lockfileVersion": 3,
  "requires": true,
  "packages": {
    "": {
      "name": "smart_iot",
      "version": "1.0.0",
      "license": "ISC",
      "dependencies": {
        "@vant/weapp": "^1.11.7",
        "tdesign-miniprogram": "^1.9.0"
      }
    },
    "node_modules/@vant/weapp": {
      "version": "1.11.7",
      "resolved": "https://registry.npmjs.org/@vant/weapp/-/weapp-1.11.7.tgz",
      "integrity": "sha512-Rwn9BBnb4kHSV4XmvBicwtd42J+amEUfnFDcXJsGNPNX4a9c/DoT6YLsm4X1wB2+sQbdiQsbFBLAvGRBxCkD8g==",
      "license": "MIT"
    },
    "node_modules/tdesign-miniprogram": {
      "version": "1.9.0",
      "resolved": "https://registry.npmjs.org/tdesign-miniprogram/-/tdesign-miniprogram-1.9.0.tgz",
      "integrity": "sha512-osyXxu1zZlDVyK2G0STfAX71TqsjdqbW0+Z3X3qAAezKB09FKVdOyf41kHFnyrHSY1ulEAO7gs19l6tpFNfYiA==",
      "license": "MIT"
    }
  }
}
